
Microsoft Visual Studio Solution File, Format Version 12.00
# Visual Studio Version 17
VisualStudioVersion = 17.0.31611.283
MinimumVisualStudioVersion = 10.0.40219.1
Project("{9A19103F-16F7-4668-BE54-9A1E7A4F7556}") = "SpeculationApp.Maui", "SpeculationApp.Maui\SpeculationApp.Maui.csproj", "{E97A0A94-FD71-4A54-AF4D-CEA6B2FE2816}"
EndProject
Project("{9A19103F-16F7-4668-BE54-9A1E7A4F7556}") = "SpeculationApp.Domain", "SpeculationApp.Domain\SpeculationApp.Domain.csproj", "{2BD9AC71-75A6-4C23-8185-47742D68E885}"
EndProject
Project("{9A19103F-16F7-4668-BE54-9A1E7A4F7556}") = "SpeculationApp.Infrastructure", "SpeculationApp.Infrastructure\SpeculationApp.Infrastructure.csproj", "{46345371-B8A0-4D61-819E-CEBD3D20F095}"
EndProject
Project("{9A19103F-16F7-4668-BE54-9A1E7A4F7556}") = "SpeculatorApp.Application", "SpeculatorApp.Application\SpeculatorApp.Application.csproj", "{933D08DC-E8F8-4D3F-8B76-1362553755FA}"
EndProject
Project("{9A19103F-16F7-4668-BE54-9A1E7A4F7556}") = "SpeculationApp.Wpf", "SpeculationApp.Wpf\SpeculationApp.Wpf.csproj", "{337D6950-4E2B-4A85-81A5-06E37D904EAF}"
EndProject
Project("{2150E333-8FDC-42A3-9474-1A3956D46DE8}") = "Architecture", "Architecture", "{2DC4158E-3AB3-41E4-AB9E-A3FF03BB7A94}"
EndProject
Project("{2150E333-8FDC-42A3-9474-1A3956D46DE8}") = "Presentation", "Presentation", "{FA391F31-E0C8-4B39-8143-E8AA28020258}"
EndProject
Project("{2150E333-8FDC-42A3-9474-1A3956D46DE8}") = "Test", "Test", "{951D4038-AD79-4A2B-AA15-7C2865E1FEF7}"
EndProject
Project("{2150E333-8FDC-42A3-9474-1A3956D46DE8}") = "Architecture", "Architecture", "{2A590D6F-EEB9-4481-BC71-EFCF8B51D3A7}"
EndProject
Project("{FAE04EC0-301F-11D3-BF4B-00C04F79EFBC}") = "SpeculatorApp.Application.Test", "SpeculatorApp.Application.Test\SpeculatorApp.Application.Test.csproj", "{06DBFD0A-7D5D-4915-8103-4B5B3504BC9F}"
EndProject
Global
	GlobalSection(SolutionConfigurationPlatforms) = preSolution
		Debug|Any CPU = Debug|Any CPU
		Release|Any CPU = Release|Any CPU
	EndGlobalSection
	GlobalSection(ProjectConfigurationPlatforms) = postSolution
		{E97A0A94-FD71-4A54-AF4D-CEA6B2FE2816}.Debug|Any CPU.ActiveCfg = Debug|Any CPU
		{E97A0A94-FD71-4A54-AF4D-CEA6B2FE2816}.Debug|Any CPU.Build.0 = Debug|Any CPU
		{E97A0A94-FD71-4A54-AF4D-CEA6B2FE2816}.Debug|Any CPU.Deploy.0 = Debug|Any CPU
		{E97A0A94-FD71-4A54-AF4D-CEA6B2FE2816}.Release|Any CPU.ActiveCfg = Release|Any CPU
		{E97A0A94-FD71-4A54-AF4D-CEA6B2FE2816}.Release|Any CPU.Build.0 = Release|Any CPU
		{E97A0A94-FD71-4A54-AF4D-CEA6B2FE2816}.Release|Any CPU.Deploy.0 = Release|Any CPU
		{2BD9AC71-75A6-4C23-8185-47742D68E885}.Debug|Any CPU.ActiveCfg = Debug|Any CPU
		{2BD9AC71-75A6-4C23-8185-47742D68E885}.Debug|Any CPU.Build.0 = Debug|Any CPU
		{2BD9AC71-75A6-4C23-8185-47742D68E885}.Release|Any CPU.ActiveCfg = Release|Any CPU
		{2BD9AC71-75A6-4C23-8185-47742D68E885}.Release|Any CPU.Build.0 = Release|Any CPU
		{46345371-B8A0-4D61-819E-CEBD3D20F095}.Debug|Any CPU.ActiveCfg = Debug|Any CPU
		{46345371-B8A0-4D61-819E-CEBD3D20F095}.Debug|Any CPU.Build.0 = Debug|Any CPU
		{46345371-B8A0-4D61-819E-CEBD3D20F095}.Release|Any CPU.ActiveCfg = Release|Any CPU
		{46345371-B8A0-4D61-819E-CEBD3D20F095}.Release|Any CPU.Build.0 = Release|Any CPU
		{933D08DC-E8F8-4D3F-8B76-1362553755FA}.Debug|Any CPU.ActiveCfg = Debug|Any CPU
		{933D08DC-E8F8-4D3F-8B76-1362553755FA}.Debug|Any CPU.Build.0 = Debug|Any CPU
		{933D08DC-E8F8-4D3F-8B76-1362553755FA}.Release|Any CPU.ActiveCfg = Release|Any CPU
		{933D08DC-E8F8-4D3F-8B76-1362553755FA}.Release|Any CPU.Build.0 = Release|Any CPU
		{337D6950-4E2B-4A85-81A5-06E37D904EAF}.Debug|Any CPU.ActiveCfg = Debug|Any CPU
		{337D6950-4E2B-4A85-81A5-06E37D904EAF}.Debug|Any CPU.Build.0 = Debug|Any CPU
		{337D6950-4E2B-4A85-81A5-06E37D904EAF}.Release|Any CPU.ActiveCfg = Release|Any CPU
		{337D6950-4E2B-4A85-81A5-06E37D904EAF}.Release|Any CPU.Build.0 = Release|Any CPU
		{06DBFD0A-7D5D-4915-8103-4B5B3504BC9F}.Debug|Any CPU.ActiveCfg = Debug|Any CPU
		{06DBFD0A-7D5D-4915-8103-4B5B3504BC9F}.Debug|Any CPU.Build.0 = Debug|Any CPU
		{06DBFD0A-7D5D-4915-8103-4B5B3504BC9F}.Release|Any CPU.ActiveCfg = Release|Any CPU
		{06DBFD0A-7D5D-4915-8103-4B5B3504BC9F}.Release|Any CPU.Build.0 = Release|Any CPU
	EndGlobalSection
	GlobalSection(SolutionProperties) = preSolution
		HideSolutionNode = FALSE
	EndGlobalSection
	GlobalSection(NestedProjects) = preSolution
		{E97A0A94-FD71-4A54-AF4D-CEA6B2FE2816} = {FA391F31-E0C8-4B39-8143-E8AA28020258}
		{2BD9AC71-75A6-4C23-8185-47742D68E885} = {2DC4158E-3AB3-41E4-AB9E-A3FF03BB7A94}
		{46345371-B8A0-4D61-819E-CEBD3D20F095} = {2DC4158E-3AB3-41E4-AB9E-A3FF03BB7A94}
		{933D08DC-E8F8-4D3F-8B76-1362553755FA} = {2DC4158E-3AB3-41E4-AB9E-A3FF03BB7A94}
		{337D6950-4E2B-4A85-81A5-06E37D904EAF} = {FA391F31-E0C8-4B39-8143-E8AA28020258}
		{2A590D6F-EEB9-4481-BC71-EFCF8B51D3A7} = {951D4038-AD79-4A2B-AA15-7C2865E1FEF7}
		{06DBFD0A-7D5D-4915-8103-4B5B3504BC9F} = {2A590D6F-EEB9-4481-BC71-EFCF8B51D3A7}
	EndGlobalSection
	GlobalSection(ExtensibilityGlobals) = postSolution
		SolutionGuid = {61F7FB11-1E47-470C-91E2-47F8143E1572}
	EndGlobalSection
EndGlobal
