
Microsoft Visual Studio Solution File, Format Version 12.00
# Visual Studio Version 17
VisualStudioVersion = 17.0.31611.283
MinimumVisualStudioVersion = 10.0.40219.1
Project("{9A19103F-16F7-4668-BE54-9A1E7A4F7556}") = "SpeculationApp.Maui", "SpeculationApp.Maui\SpeculationApp.Maui.csproj", "{E97A0A94-FD71-4A54-AF4D-CEA6B2FE2816}"
EndProject
Project("{9A19103F-16F7-4668-BE54-9A1E7A4F7556}") = "SpeculationApp.Domain", "SpeculationApp.Domain\SpeculationApp.Domain.csproj", "{2BD9AC71-75A6-4C23-8185-47742D68E885}"
EndProject
Project("{9A19103F-16F7-4668-BE54-9A1E7A4F7556}") = "SpeculationApp.Infrastructure", "SpeculationApp.Infrastructure\SpeculationApp.Infrastructure.csproj", "{46345371-B8A0-4D61-819E-CEBD3D20F095}"
EndProject
Project("{9A19103F-16F7-4668-BE54-9A1E7A4F7556}") = "SpeculatorApp.Application", "SpeculatorApp.Application\SpeculatorApp.Application.csproj", "{933D08DC-E8F8-4D3F-8B76-1362553755FA}"
EndProject
Project("{9A19103F-16F7-4668-BE54-9A1E7A4F7556}") = "SpeculationApp.Wpf", "SpeculationApp.Wpf\SpeculationApp.Wpf.csproj", "{337D6950-4E2B-4A85-81A5-06E37D904EAF}"
EndProject
Global
	GlobalSection(SolutionConfigurationPlatforms) = preSolution
		Debug|Any CPU = Debug|Any CPU
		Release|Any CPU = Release|Any CPU
	EndGlobalSection
	GlobalSection(ProjectConfigurationPlatforms) = postSolution
		{E97A0A94-FD71-4A54-AF4D-CEA6B2FE2816}.Debug|Any CPU.ActiveCfg = Debug|Any CPU
		{E97A0A94-FD71-4A54-AF4D-CEA6B2FE2816}.Debug|Any CPU.Build.0 = Debug|Any CPU
		{E97A0A94-FD71-4A54-AF4D-CEA6B2FE2816}.Debug|Any CPU.Deploy.0 = Debug|Any CPU
		{E97A0A94-FD71-4A54-AF4D-CEA6B2FE2816}.Release|Any CPU.ActiveCfg = Release|Any CPU
		{E97A0A94-FD71-4A54-AF4D-CEA6B2FE2816}.Release|Any CPU.Build.0 = Release|Any CPU
		{E97A0A94-FD71-4A54-AF4D-CEA6B2FE2816}.Release|Any CPU.Deploy.0 = Release|Any CPU
		{2BD9AC71-75A6-4C23-8185-47742D68E885}.Debug|Any CPU.ActiveCfg = Debug|Any CPU
		{2BD9AC71-75A6-4C23-8185-47742D68E885}.Debug|Any CPU.Build.0 = Debug|Any CPU
		{2BD9AC71-75A6-4C23-8185-47742D68E885}.Release|Any CPU.ActiveCfg = Release|Any CPU
		{2BD9AC71-75A6-4C23-8185-47742D68E885}.Release|Any CPU.Build.0 = Release|Any CPU
		{46345371-B8A0-4D61-819E-CEBD3D20F095}.Debug|Any CPU.ActiveCfg = Debug|Any CPU
		{46345371-B8A0-4D61-819E-CEBD3D20F095}.Debug|Any CPU.Build.0 = Debug|Any CPU
		{46345371-B8A0-4D61-819E-CEBD3D20F095}.Release|Any CPU.ActiveCfg = Release|Any CPU
		{46345371-B8A0-4D61-819E-CEBD3D20F095}.Release|Any CPU.Build.0 = Release|Any CPU
		{933D08DC-E8F8-4D3F-8B76-1362553755FA}.Debug|Any CPU.ActiveCfg = Debug|Any CPU
		{933D08DC-E8F8-4D3F-8B76-1362553755FA}.Debug|Any CPU.Build.0 = Debug|Any CPU
		{933D08DC-E8F8-4D3F-8B76-1362553755FA}.Release|Any CPU.ActiveCfg = Release|Any CPU
		{933D08DC-E8F8-4D3F-8B76-1362553755FA}.Release|Any CPU.Build.0 = Release|Any CPU
		{337D6950-4E2B-4A85-81A5-06E37D904EAF}.Debug|Any CPU.ActiveCfg = Debug|Any CPU
		{337D6950-4E2B-4A85-81A5-06E37D904EAF}.Debug|Any CPU.Build.0 = Debug|Any CPU
		{337D6950-4E2B-4A85-81A5-06E37D904EAF}.Release|Any CPU.ActiveCfg = Release|Any CPU
		{337D6950-4E2B-4A85-81A5-06E37D904EAF}.Release|Any CPU.Build.0 = Release|Any CPU
	EndGlobalSection
	GlobalSection(SolutionProperties) = preSolution
		HideSolutionNode = FALSE
	EndGlobalSection
	GlobalSection(ExtensibilityGlobals) = postSolution
		SolutionGuid = {61F7FB11-1E47-470C-91E2-47F8143E1572}
	EndGlobalSection
EndGlobal
